# This file was autogenerated by Stack.
# You should not edit this file by hand.
# For more information, please see the documentation at:
#   https://docs.haskellstack.org/en/stable/lock_files

packages: []
snapshots:
- completed:
    size: 424354
    url: https://raw.githubusercontent.com/commercialhaskell/stackage-snapshots/master/lts/6/23.yaml
    sha256: bd3888e81d11cf6c568feb6468a1c1110c2444ed603724ea9bb63e6da321d605
  original: lts-6.23
